// !$*UTF8*$!
{
	archiveVersion = 1;
	classes = {
	};
	objectVersion = 70;
	objects = {

/* Begin PBXBuildFile section */
		1A2B3C4D5E6F7G8H9I0J1K2L /* GitStreakApp.swift in Sources */ = {isa = PBXBuildFile; fileRef = 1A2B3C4D5E6F7G8H9I0J1K2M /* GitStreakApp.swift */; };
		1A2B3C4D5E6F7G8H9I0J1K2N /* ContentView.swift in Sources */ = {isa = PBXBuildFile; fileRef = 1A2B3C4D5E6F7G8H9I0J1K2O /* ContentView.swift */; };
		1A2B3C4D5E6F7G8H9I0J1K2P /* GitStreakData.swift in Sources */ = {isa = PBXBuildFile; fileRef = 1A2B3C4D5E6F7G8H9I0J1K2Q /* GitStreakData.swift */; };
		1A2B3C4D5E6F7G8H9I0J1K2R /* StreakCardView.swift in Sources */ = {isa = PBXBuildFile; fileRef = 1A2B3C4D5E6F7G8H9I0J1K2S /* StreakCardView.swift */; };
		1A2B3C4D5E6F7G8H9I0J1K2T /* LevelProgressView.swift in Sources */ = {isa = PBXBuildFile; fileRef = 1A2B3C4D5E6F7G8H9I0J1K2U /* LevelProgressView.swift */; };
		1A2B3C4D5E6F7G8H9I0J1K2V /* WeeklyActivityView.swift in Sources */ = {isa = PBXBuildFile; fileRef = 1A2B3C4D5E6F7G8H9I0J1K2W /* WeeklyActivityView.swift */; };
		1A2B3C4D5E6F7G8H9I0J1K2X /* RecentActivityView.swift in Sources */ = {isa = PBXBuildFile; fileRef = 1A2B3C4D5E6F7G8H9I0J1K2Y /* RecentActivityView.swift */; };
		1A2B3C4D5E6F7G8H9I0J1K2Z /* AchievementsView.swift in Sources */ = {isa = PBXBuildFile; fileRef = 1A2B3C4D5E6F7G8H9I0J1K30 /* AchievementsView.swift */; };
		1A2B3C4D5E6F7G8H9I0J1K31 /* TabBarView.swift in Sources */ = {isa = PBXBuildFile; fileRef = 1A2B3C4D5E6F7G8H9I0J1K32 /* TabBarView.swift */; };
		1A2B3C4D5E6F7G8H9I0J1K33 /* Assets.xcassets in Resources */ = {isa = PBXBuildFile; fileRef = 1A2B3C4D5E6F7G8H9I0J1K34 /* Assets.xcassets */; };
		1A2B3C4D5E6F7G8H9I0J1K35 /* Preview Assets.xcassets in Resources */ = {isa = PBXBuildFile; fileRef = 1A2B3C4D5E6F7G8H9I0J1K36 /* Preview Assets.xcassets */; };
/* End PBXBuildFile section */

/* Begin PBXContainerItemProxy section */
		C99331872E3955BB00D19848 /* PBXContainerItemProxy */ = {
			isa = PBXContainerItemProxy;
			containerPortal = 1A2B3C4D5E6F7G8H9I0J1K49 /* Project object */;
			proxyType = 1;
			remoteGlobalIDString = 1A2B3C4D5E6F7G8H9I0J1K45;
			remoteInfo = GitStreak;
		};
/* End PBXContainerItemProxy section */

/* Begin PBXFileReference section */
		1A2B3C4D5E6F7G8H9I0J1K2M /* GitStreakApp.swift */ = {isa = PBXFileReference; lastKnownFileType = sourcecode.swift; path = GitStreakApp.swift; sourceTree = "<group>"; };
		1A2B3C4D5E6F7G8H9I0J1K2O /* ContentView.swift */ = {isa = PBXFileReference; lastKnownFileType = sourcecode.swift; path = ContentView.swift; sourceTree = "<group>"; };
		1A2B3C4D5E6F7G8H9I0J1K2Q /* GitStreakData.swift */ = {isa = PBXFileReference; lastKnownFileType = sourcecode.swift; path = GitStreakData.swift; sourceTree = "<group>"; };
		1A2B3C4D5E6F7G8H9I0J1K2S /* StreakCardView.swift */ = {isa = PBXFileReference; lastKnownFileType = sourcecode.swift; path = StreakCardView.swift; sourceTree = "<group>"; };
		1A2B3C4D5E6F7G8H9I0J1K2U /* LevelProgressView.swift */ = {isa = PBXFileReference; lastKnownFileType = sourcecode.swift; path = LevelProgressView.swift; sourceTree = "<group>"; };
		1A2B3C4D5E6F7G8H9I0J1K2W /* WeeklyActivityView.swift */ = {isa = PBXFileReference; lastKnownFileType = sourcecode.swift; path = WeeklyActivityView.swift; sourceTree = "<group>"; };
		1A2B3C4D5E6F7G8H9I0J1K2Y /* RecentActivityView.swift */ = {isa = PBXFileReference; lastKnownFileType = sourcecode.swift; path = RecentActivityView.swift; sourceTree = "<group>"; };
		1A2B3C4D5E6F7G8H9I0J1K30 /* AchievementsView.swift */ = {isa = PBXFileReference; lastKnownFileType = sourcecode.swift; path = AchievementsView.swift; sourceTree = "<group>"; };
		1A2B3C4D5E6F7G8H9I0J1K32 /* TabBarView.swift */ = {isa = PBXFileReference; lastKnownFileType = sourcecode.swift; path = TabBarView.swift; sourceTree = "<group>"; };
		1A2B3C4D5E6F7G8H9I0J1K34 /* Assets.xcassets */ = {isa = PBXFileReference; lastKnownFileType = folder.assetcatalog; path = Assets.xcassets; sourceTree = "<group>"; };
		1A2B3C4D5E6F7G8H9I0J1K36 /* Preview Assets.xcassets */ = {isa = PBXFileReference; lastKnownFileType = folder.assetcatalog; path = "Preview Assets.xcassets"; sourceTree = "<group>"; };
		1A2B3C4D5E6F7G8H9I0J1K37 /* GitStreak.app */ = {isa = PBXFileReference; explicitFileType = wrapper.application; includeInIndex = 0; path = GitStreak.app; sourceTree = BUILT_PRODUCTS_DIR; };
		C99331832E3955BB00D19848 /* GitStreakTests.xctest */ = {isa = PBXFileReference; explicitFileType = wrapper.cfbundle; includeInIndex = 0; path = GitStreakTests.xctest; sourceTree = BUILT_PRODUCTS_DIR; };
/* End PBXFileReference section */

/* Begin PBXFileSystemSynchronizedRootGroup section */
		C99331842E3955BB00D19848 /* GitStreakTests */ = {isa = PBXFileSystemSynchronizedRootGroup; explicitFileTypes = {}; explicitFolders = (); path = GitStreakTests; sourceTree = "<group>"; };
/* End PBXFileSystemSynchronizedRootGroup section */

/* Begin PBXFrameworksBuildPhase section */
		1A2B3C4D5E6F7G8H9I0J1K38 /* Frameworks */ = {
			isa = PBXFrameworksBuildPhase;
			buildActionMask = 2147483647;
			files = (
			);
			runOnlyForDeploymentPostprocessing = 0;
		};
		C99331802E3955BB00D19848 /* Frameworks */ = {
			isa = PBXFrameworksBuildPhase;
			buildActionMask = 2147483647;
			files = (
			);
			runOnlyForDeploymentPostprocessing = 0;
		};
/* End PBXFrameworksBuildPhase section */

/* Begin PBXGroup section */
		1A2B3C4D5E6F7G8H9I0J1K39 = {
			isa = PBXGroup;
			children = (
				1A2B3C4D5E6F7G8H9I0J1K40 /* GitStreak */,
				C99331842E3955BB00D19848 /* GitStreakTests */,
				1A2B3C4D5E6F7G8H9I0J1K41 /* Products */,
			);
			sourceTree = "<group>";
		};
		1A2B3C4D5E6F7G8H9I0J1K40 /* GitStreak */ = {
			isa = PBXGroup;
			children = (
				1A2B3C4D5E6F7G8H9I0J1K2M /* GitStreakApp.swift */,
				1A2B3C4D5E6F7G8H9I0J1K2O /* ContentView.swift */,
				1A2B3C4D5E6F7G8H9I0J1K42 /* Models */,
				1A2B3C4D5E6F7G8H9I0J1K43 /* Views */,
				1A2B3C4D5E6F7G8H9I0J1K34 /* Assets.xcassets */,
				1A2B3C4D5E6F7G8H9I0J1K44 /* Preview Content */,
			);
			path = GitStreak;
			sourceTree = "<group>";
		};
		1A2B3C4D5E6F7G8H9I0J1K41 /* Products */ = {
			isa = PBXGroup;
			children = (
				1A2B3C4D5E6F7G8H9I0J1K37 /* GitStreak.app */,
				C99331832E3955BB00D19848 /* GitStreakTests.xctest */,
			);
			name = Products;
			sourceTree = "<group>";
		};
		1A2B3C4D5E6F7G8H9I0J1K42 /* Models */ = {
			isa = PBXGroup;
			children = (
				1A2B3C4D5E6F7G8H9I0J1K2Q /* GitStreakData.swift */,
			);
			path = Models;
			sourceTree = "<group>";
		};
		1A2B3C4D5E6F7G8H9I0J1K43 /* Views */ = {
			isa = PBXGroup;
			children = (
				1A2B3C4D5E6F7G8H9I0J1K2S /* StreakCardView.swift */,
				1A2B3C4D5E6F7G8H9I0J1K2U /* LevelProgressView.swift */,
				1A2B3C4D5E6F7G8H9I0J1K2W /* WeeklyActivityView.swift */,
				1A2B3C4D5E6F7G8H9I0J1K2Y /* RecentActivityView.swift */,
				1A2B3C4D5E6F7G8H9I0J1K30 /* AchievementsView.swift */,
				1A2B3C4D5E6F7G8H9I0J1K32 /* TabBarView.swift */,
			);
			path = Views;
			sourceTree = "<group>";
		};
		1A2B3C4D5E6F7G8H9I0J1K44 /* Preview Content */ = {
			isa = PBXGroup;
			children = (
				1A2B3C4D5E6F7G8H9I0J1K36 /* Preview Assets.xcassets */,
			);
			path = "Preview Content";
			sourceTree = "<group>";
		};
/* End PBXGroup section */

/* Begin PBXNativeTarget section */
		1A2B3C4D5E6F7G8H9I0J1K45 /* GitStreak */ = {
			isa = PBXNativeTarget;
			buildConfigurationList = 1A2B3C4D5E6F7G8H9I0J1K46 /* Build configuration list for PBXNativeTarget "GitStreak" */;
			buildPhases = (
				1A2B3C4D5E6F7G8H9I0J1K47 /* Sources */,
				1A2B3C4D5E6F7G8H9I0J1K38 /* Frameworks */,
				1A2B3C4D5E6F7G8H9I0J1K48 /* Resources */,
			);
			buildRules = (
			);
			dependencies = (
			);
			name = GitStreak;
			productName = GitStreak;
			productReference = 1A2B3C4D5E6F7G8H9I0J1K37 /* GitStreak.app */;
			productType = "com.apple.product-type.application";
		};
		C99331822E3955BB00D19848 /* GitStreakTests */ = {
			isa = PBXNativeTarget;
			buildConfigurationList = C993318B2E3955BB00D19848 /* Build configuration list for PBXNativeTarget "GitStreakTests" */;
			buildPhases = (
				C993317F2E3955BB00D19848 /* Sources */,
				C99331802E3955BB00D19848 /* Frameworks */,
				C99331812E3955BB00D19848 /* Resources */,
			);
			buildRules = (
			);
			dependencies = (
				C99331882E3955BB00D19848 /* PBXTargetDependency */,
			);
			fileSystemSynchronizedGroups = (
				C99331842E3955BB00D19848 /* GitStreakTests */,
			);
			name = GitStreakTests;
			packageProductDependencies = (
			);
			productName = GitStreakTests;
			productReference = C99331832E3955BB00D19848 /* GitStreakTests.xctest */;
			productType = "com.apple.product-type.bundle.unit-test";
		};
/* End PBXNativeTarget section */

/* Begin PBXProject section */
		1A2B3C4D5E6F7G8H9I0J1K49 /* Project object */ = {
			isa = PBXProject;
			attributes = {
				BuildIndependentTargetsInParallel = 1;
				LastSwiftUpdateCheck = 1640;
				LastUpgradeCheck = 1540;
				TargetAttributes = {
					1A2B3C4D5E6F7G8H9I0J1K45 = {
						CreatedOnToolsVersion = 15.4;
					};
					C99331822E3955BB00D19848 = {
						CreatedOnToolsVersion = 16.4;
						TestTargetID = 1A2B3C4D5E6F7G8H9I0J1K45;
					};
				};
			};
			buildConfigurationList = 1A2B3C4D5E6F7G8H9I0J1K50 /* Build configuration list for PBXProject "GitStreak" */;
			compatibilityVersion = "Xcode 14.0";
			developmentRegion = en;
			hasScannedForEncodings = 0;
			knownRegions = (
				en,
				Base,
			);
			mainGroup = 1A2B3C4D5E6F7G8H9I0J1K39;
			productRefGroup = 1A2B3C4D5E6F7G8H9I0J1K41 /* Products */;
			projectDirPath = "";
			projectRoot = "";
			targets = (
				1A2B3C4D5E6F7G8H9I0J1K45 /* GitStreak */,
				C99331822E3955BB00D19848 /* GitStreakTests */,
			);
		};
/* End PBXProject section */

/* Begin PBXResourcesBuildPhase section */
		1A2B3C4D5E6F7G8H9I0J1K48 /* Resources */ = {
			isa = PBXResourcesBuildPhase;
			buildActionMask = 2147483647;
			files = (
				1A2B3C4D5E6F7G8H9I0J1K35 /* Preview Assets.xcassets in Resources */,
				1A2B3C4D5E6F7G8H9I0J1K33 /* Assets.xcassets in Resources */,
			);
			runOnlyForDeploymentPostprocessing = 0;
		};
		C99331812E3955BB00D19848 /* Resources */ = {
			isa = PBXResourcesBuildPhase;
			buildActionMask = 2147483647;
			files = (
			);
			runOnlyForDeploymentPostprocessing = 0;
		};
/* End PBXResourcesBuildPhase section */

/* Begin PBXSourcesBuildPhase section */
		1A2B3C4D5E6F7G8H9I0J1K47 /* Sources */ = {
			isa = PBXSourcesBuildPhase;
			buildActionMask = 2147483647;
			files = (
				1A2B3C4D5E6F7G8H9I0J1K2N /* ContentView.swift in Sources */,
				1A2B3C4D5E6F7G8H9I0J1K2P /* GitStreakData.swift in Sources */,
				1A2B3C4D5E6F7G8H9I0J1K2R /* StreakCardView.swift in Sources */,
				1A2B3C4D5E6F7G8H9I0J1K2T /* LevelProgressView.swift in Sources */,
				1A2B3C4D5E6F7G8H9I0J1K2V /* WeeklyActivityView.swift in Sources */,
				1A2B3C4D5E6F7G8H9I0J1K2X /* RecentActivityView.swift in Sources */,
				1A2B3C4D5E6F7G8H9I0J1K2Z /* AchievementsView.swift in Sources */,
				1A2B3C4D5E6F7G8H9I0J1K31 /* TabBarView.swift in Sources */,
				1A2B3C4D5E6F7G8H9I0J1K2L /* GitStreakApp.swift in Sources */,
			);
			runOnlyForDeploymentPostprocessing = 0;
		};
		C993317F2E3955BB00D19848 /* Sources */ = {
			isa = PBXSourcesBuildPhase;
			buildActionMask = 2147483647;
			files = (
			);
			runOnlyForDeploymentPostprocessing = 0;
		};
/* End PBXSourcesBuildPhase section */

/* Begin PBXTargetDependency section */
		C99331882E3955BB00D19848 /* PBXTargetDependency */ = {
			isa = PBXTargetDependency;
			target = 1A2B3C4D5E6F7G8H9I0J1K45 /* GitStreak */;
			targetProxy = C99331872E3955BB00D19848 /* PBXContainerItemProxy */;
		};
/* End PBXTargetDependency section */

/* Begin XCBuildConfiguration section */
		1A2B3C4D5E6F7G8H9I0J1K51 /* Debug */ = {
			isa = XCBuildConfiguration;
			buildSettings = {
				ALWAYS_SEARCH_USER_PATHS = NO;
				ASSETCATALOG_COMPILER_GENERATE_SWIFT_ASSET_SYMBOL_EXTENSIONS = YES;
				CLANG_ANALYZER_NONNULL = YES;
				CLANG_ANALYZER_NUMBER_OBJECT_CONVERSION = YES_AGGRESSIVE;
				CLANG_CXX_LANGUAGE_STANDARD = "gnu++20";
				CLANG_ENABLE_MODULES = YES;
				CLANG_ENABLE_OBJC_ARC = YES;
				CLANG_ENABLE_OBJC_WEAK = YES;
				CLANG_WARN_BLOCK_CAPTURE_AUTORELEASING = YES;
				CLANG_WARN_BOOL_CONVERSION = YES;
				CLANG_WARN_COMMA = YES;
				CLANG_WARN_CONSTANT_CONVERSION = YES;
				CLANG_WARN_DEPRECATED_OBJC_IMPLEMENTATIONS = YES;
				CLANG_WARN_DIRECT_OBJC_ISA_USAGE = YES_ERROR;
				CLANG_WARN_DOCUMENTATION_COMMENTS = YES;
				CLANG_WARN_EMPTY_BODY = YES;
				CLANG_WARN_ENUM_CONVERSION = YES;
				CLANG_WARN_INFINITE_RECURSION = YES;
				CLANG_WARN_INT_CONVERSION = YES;
				CLANG_WARN_NON_LITERAL_NULL_CONVERSION = YES;
				CLANG_WARN_OBJC_IMPLICIT_RETAIN_SELF = YES;
				CLANG_WARN_OBJC_LITERAL_CONVERSION = YES;
				CLANG_WARN_OBJC_ROOT_CLASS = YES_ERROR;
				CLANG_WARN_QUOTED_INCLUDE_IN_FRAMEWORK_HEADER = YES;
				CLANG_WARN_RANGE_LOOP_ANALYSIS = YES;
				CLANG_WARN_STRICT_PROTOTYPES = YES;
				CLANG_WARN_SUSPICIOUS_MOVE = YES;
				CLANG_WARN_UNGUARDED_AVAILABILITY = YES_AGGRESSIVE;
				CLANG_WARN_UNREACHABLE_CODE = YES;
				CLANG_WARN__DUPLICATE_METHOD_MATCH = YES;
				COPY_PHASE_STRIP = NO;
				DEBUG_INFORMATION_FORMAT = dwarf;
				ENABLE_STRICT_OBJC_MSGSEND = YES;
				ENABLE_TESTABILITY = YES;
				ENABLE_USER_SCRIPT_SANDBOXING = YES;
				GCC_C_LANGUAGE_STANDARD = gnu17;
				GCC_DYNAMIC_NO_PIC = NO;
				GCC_NO_COMMON_BLOCKS = YES;
				GCC_OPTIMIZATION_LEVEL = 0;
				GCC_PREPROCESSOR_DEFINITIONS = (
					"DEBUG=1",
					"$(inherited)",
				);
				GCC_WARN_64_TO_32_BIT_CONVERSION = YES;
				GCC_WARN_ABOUT_RETURN_TYPE = YES_ERROR;
				GCC_WARN_UNDECLARED_SELECTOR = YES;
				GCC_WARN_UNINITIALIZED_AUTOS = YES_AGGRESSIVE;
				GCC_WARN_UNUSED_FUNCTION = YES;
				GCC_WARN_UNUSED_VARIABLE = YES;
				IPHONEOS_DEPLOYMENT_TARGET = 17.5;
				LOCALIZATION_PREFERS_STRING_CATALOGS = YES;
				MTL_ENABLE_DEBUG_INFO = INCLUDE_SOURCE;
				MTL_FAST_MATH = YES;
				ONLY_ACTIVE_ARCH = YES;
				SDKROOT = iphoneos;
				SWIFT_ACTIVE_COMPILATION_CONDITIONS = "DEBUG $(inherited)";
				SWIFT_OPTIMIZATION_LEVEL = "-Onone";
			};
			name = Debug;
		};
		1A2B3C4D5E6F7G8H9I0J1K52 /* Release */ = {
			isa = XCBuildConfiguration;
			buildSettings = {
				ALWAYS_SEARCH_USER_PATHS = NO;
				ASSETCATALOG_COMPILER_GENERATE_SWIFT_ASSET_SYMBOL_EXTENSIONS = YES;
				CLANG_ANALYZER_NONNULL = YES;
				CLANG_ANALYZER_NUMBER_OBJECT_CONVERSION = YES_AGGRESSIVE;
				CLANG_CXX_LANGUAGE_STANDARD = "gnu++20";
				CLANG_ENABLE_MODULES = YES;
				CLANG_ENABLE_OBJC_ARC = YES;
				CLANG_ENABLE_OBJC_WEAK = YES;
				CLANG_WARN_BLOCK_CAPTURE_AUTORELEASING = YES;
				CLANG_WARN_BOOL_CONVERSION = YES;
				CLANG_WARN_COMMA = YES;
				CLANG_WARN_CONSTANT_CONVERSION = YES;
				CLANG_WARN_DEPRECATED_OBJC_IMPLEMENTATIONS = YES;
				CLANG_WARN_DIRECT_OBJC_ISA_USAGE = YES_ERROR;
				CLANG_WARN_DOCUMENTATION_COMMENTS = YES;
				CLANG_WARN_EMPTY_BODY = YES;
				CLANG_WARN_ENUM_CONVERSION = YES;
				CLANG_WARN_INFINITE_RECURSION = YES;
				CLANG_WARN_INT_CONVERSION = YES;
				CLANG_WARN_NON_LITERAL_NULL_CONVERSION = YES;
				CLANG_WARN_OBJC_IMPLICIT_RETAIN_SELF = YES;
				CLANG_WARN_OBJC_LITERAL_CONVERSION = YES;
				CLANG_WARN_OBJC_ROOT_CLASS = YES_ERROR;
				CLANG_WARN_QUOTED_INCLUDE_IN_FRAMEWORK_HEADER = YES;
				CLANG_WARN_RANGE_LOOP_ANALYSIS = YES;
				CLANG_WARN_STRICT_PROTOTYPES = YES;
				CLANG_WARN_SUSPICIOUS_MOVE = YES;
				CLANG_WARN_UNGUARDED_AVAILABILITY = YES_AGGRESSIVE;
				CLANG_WARN_UNREACHABLE_CODE = YES;
				CLANG_WARN__DUPLICATE_METHOD_MATCH = YES;
				COPY_PHASE_STRIP = NO;
				DEBUG_INFORMATION_FORMAT = "dwarf-with-dsym";
				ENABLE_NS_ASSERTIONS = NO;
				ENABLE_STRICT_OBJC_MSGSEND = YES;
				ENABLE_USER_SCRIPT_SANDBOXING = YES;
				GCC_C_LANGUAGE_STANDARD = gnu17;
				GCC_NO_COMMON_BLOCKS = YES;
				GCC_WARN_64_TO_32_BIT_CONVERSION = YES;
				GCC_WARN_ABOUT_RETURN_TYPE = YES_ERROR;
				GCC_WARN_UNDECLARED_SELECTOR = YES;
				GCC_WARN_UNINITIALIZED_AUTOS = YES_AGGRESSIVE;
				GCC_WARN_UNUSED_FUNCTION = YES;
				GCC_WARN_UNUSED_VARIABLE = YES;
				IPHONEOS_DEPLOYMENT_TARGET = 17.5;
				LOCALIZATION_PREFERS_STRING_CATALOGS = YES;
				MTL_ENABLE_DEBUG_INFO = NO;
				MTL_FAST_MATH = YES;
				SDKROOT = iphoneos;
				SWIFT_COMPILATION_MODE = wholemodule;
				VALIDATE_PRODUCT = YES;
			};
			name = Release;
		};
		1A2B3C4D5E6F7G8H9I0J1K53 /* Debug */ = {
			isa = XCBuildConfiguration;
			buildSettings = {
				ASSETCATALOG_COMPILER_APPICON_NAME = AppIcon;
				ASSETCATALOG_COMPILER_GLOBAL_ACCENT_COLOR_NAME = AccentColor;
				CODE_SIGN_STYLE = Automatic;
				CURRENT_PROJECT_VERSION = 1;
				DEVELOPMENT_ASSET_PATHS = "\"GitStreak/Preview Content\"";
				DEVELOPMENT_TEAM = 389Y5DY6GV;
				ENABLE_PREVIEWS = YES;
				GENERATE_INFOPLIST_FILE = YES;
				INFOPLIST_KEY_UIApplicationSceneManifest_Generation = YES;
				INFOPLIST_KEY_UIApplicationSupportsIndirectInputEvents = YES;
				INFOPLIST_KEY_UILaunchScreen_Generation = YES;
				INFOPLIST_KEY_UISupportedInterfaceOrientations_iPad = "UIInterfaceOrientationPortrait UIInterfaceOrientationPortraitUpsideDown UIInterfaceOrientationLandscapeLeft UIInterfaceOrientationLandscapeRight";
				INFOPLIST_KEY_UISupportedInterfaceOrientations_iPhone = "UIInterfaceOrientationPortrait UIInterfaceOrientationLandscapeLeft UIInterfaceOrientationLandscapeRight";
				LD_RUNPATH_SEARCH_PATHS = (
					"$(inherited)",
					"@executable_path/Frameworks",
				);
				MARKETING_VERSION = 1.0;
				PRODUCT_BUNDLE_IDENTIFIER = com.gitstreak.app;
				PRODUCT_NAME = "$(TARGET_NAME)";
				SWIFT_EMIT_LOC_STRINGS = YES;
				SWIFT_VERSION = 5.0;
				TARGETED_DEVICE_FAMILY = "1,2";
			};
			name = Debug;
		};
		1A2B3C4D5E6F7G8H9I0J1K54 /* Release */ = {
			isa = XCBuildConfiguration;
			buildSettings = {
				ASSETCATALOG_COMPILER_APPICON_NAME = AppIcon;
				ASSETCATALOG_COMPILER_GLOBAL_ACCENT_COLOR_NAME = AccentColor;
				CODE_SIGN_STYLE = Automatic;
				CURRENT_PROJECT_VERSION = 1;
				DEVELOPMENT_ASSET_PATHS = "\"GitStreak/Preview Content\"";
				DEVELOPMENT_TEAM = 389Y5DY6GV;
				ENABLE_PREVIEWS = YES;
				GENERATE_INFOPLIST_FILE = YES;
				INFOPLIST_KEY_UIApplicationSceneManifest_Generation = YES;
				INFOPLIST_KEY_UIApplicationSupportsIndirectInputEvents = YES;
				INFOPLIST_KEY_UILaunchScreen_Generation = YES;
				INFOPLIST_KEY_UISupportedInterfaceOrientations_iPad = "UIInterfaceOrientationPortrait UIInterfaceOrientationPortraitUpsideDown UIInterfaceOrientationLandscapeLeft UIInterfaceOrientationLandscapeRight";
				INFOPLIST_KEY_UISupportedInterfaceOrientations_iPhone = "UIInterfaceOrientationPortrait UIInterfaceOrientationLandscapeLeft UIInterfaceOrientationLandscapeRight";
				LD_RUNPATH_SEARCH_PATHS = (
					"$(inherited)",
					"@executable_path/Frameworks",
				);
				MARKETING_VERSION = 1.0;
				PRODUCT_BUNDLE_IDENTIFIER = com.gitstreak.app;
				PRODUCT_NAME = "$(TARGET_NAME)";
				SWIFT_EMIT_LOC_STRINGS = YES;
				SWIFT_VERSION = 5.0;
				TARGETED_DEVICE_FAMILY = "1,2";
			};
			name = Release;
		};
		C99331892E3955BB00D19848 /* Debug */ = {
			isa = XCBuildConfiguration;
			buildSettings = {
				BUNDLE_LOADER = "$(TEST_HOST)";
				CODE_SIGN_STYLE = Automatic;
				CURRENT_PROJECT_VERSION = 1;
				DEVELOPMENT_TEAM = 389Y5DY6GV;
				GENERATE_INFOPLIST_FILE = YES;
				IPHONEOS_DEPLOYMENT_TARGET = 18.0;
				MARKETING_VERSION = 1.0;
				PRODUCT_BUNDLE_IDENTIFIER = com.gitstreak.app.tests.GitStreakTests;
				PRODUCT_NAME = "$(TARGET_NAME)";
				SWIFT_EMIT_LOC_STRINGS = NO;
				SWIFT_VERSION = 5.0;
				TARGETED_DEVICE_FAMILY = "1,2";
				TEST_HOST = "$(BUILT_PRODUCTS_DIR)/GitStreak.app/$(BUNDLE_EXECUTABLE_FOLDER_PATH)/GitStreak";
			};
			name = Debug;
		};
		C993318A2E3955BB00D19848 /* Release */ = {
			isa = XCBuildConfiguration;
			buildSettings = {
				BUNDLE_LOADER = "$(TEST_HOST)";
				CODE_SIGN_STYLE = Automatic;
				CURRENT_PROJECT_VERSION = 1;
				DEVELOPMENT_TEAM = 389Y5DY6GV;
				GENERATE_INFOPLIST_FILE = YES;
				IPHONEOS_DEPLOYMENT_TARGET = 18.0;
				MARKETING_VERSION = 1.0;
				PRODUCT_BUNDLE_IDENTIFIER = com.gitstreak.app.tests.GitStreakTests;
				PRODUCT_NAME = "$(TARGET_NAME)";
				SWIFT_EMIT_LOC_STRINGS = NO;
				SWIFT_VERSION = 5.0;
				TARGETED_DEVICE_FAMILY = "1,2";
				TEST_HOST = "$(BUILT_PRODUCTS_DIR)/GitStreak.app/$(BUNDLE_EXECUTABLE_FOLDER_PATH)/GitStreak";
			};
			name = Release;
		};
/* End XCBuildConfiguration section */

/* Begin XCConfigurationList section */
		1A2B3C4D5E6F7G8H9I0J1K46 /* Build configuration list for PBXNativeTarget "GitStreak" */ = {
			isa = XCConfigurationList;
			buildConfigurations = (
				1A2B3C4D5E6F7G8H9I0J1K53 /* Debug */,
				1A2B3C4D5E6F7G8H9I0J1K54 /* Release */,
			);
			defaultConfigurationIsVisible = 0;
			defaultConfigurationName = Release;
		};
		1A2B3C4D5E6F7G8H9I0J1K50 /* Build configuration list for PBXProject "GitStreak" */ = {
			isa = XCConfigurationList;
			buildConfigurations = (
				1A2B3C4D5E6F7G8H9I0J1K51 /* Debug */,
				1A2B3C4D5E6F7G8H9I0J1K52 /* Release */,
			);
			defaultConfigurationIsVisible = 0;
			defaultConfigurationName = Release;
		};
		C993318B2E3955BB00D19848 /* Build configuration list for PBXNativeTarget "GitStreakTests" */ = {
			isa = XCConfigurationList;
			buildConfigurations = (
				C99331892E3955BB00D19848 /* Debug */,
				C993318A2E3955BB00D19848 /* Release */,
			);
			defaultConfigurationIsVisible = 0;
			defaultConfigurationName = Release;
		};
/* End XCConfigurationList section */
	};
	rootObject = 1A2B3C4D5E6F7G8H9I0J1K49 /* Project object */;
}
